// !$*UTF8*$!
{
	archiveVersion = 1;
	classes = {
	};
	objectVersion = 46;
	objects = {

/* Begin PBXBuildFile section */
		91D0C5A61C7A495D002BAF67 /* coursePage.swift in Sources */ = {isa = PBXBuildFile; fileRef = 91D0C5A51C7A495D002BAF67 /* coursePage.swift */; };
		91EA86AE1C6666B200175D86 /* Podfile in Resources */ = {isa = PBXBuildFile; fileRef = 91EA86AD1C6666B200175D86 /* Podfile */; };
		91ECF7241C5D3E2600D3A190 /* AppDelegate.swift in Sources */ = {isa = PBXBuildFile; fileRef = 91ECF7231C5D3E2600D3A190 /* AppDelegate.swift */; };
		91ECF7261C5D3E2600D3A190 /* ViewController.swift in Sources */ = {isa = PBXBuildFile; fileRef = 91ECF7251C5D3E2600D3A190 /* ViewController.swift */; };
		91ECF7291C5D3E2600D3A190 /* Main.storyboard in Resources */ = {isa = PBXBuildFile; fileRef = 91ECF7271C5D3E2600D3A190 /* Main.storyboard */; };
		91ECF72B1C5D3E2600D3A190 /* Assets.xcassets in Resources */ = {isa = PBXBuildFile; fileRef = 91ECF72A1C5D3E2600D3A190 /* Assets.xcassets */; };
		91ECF72E1C5D3E2600D3A190 /* LaunchScreen.storyboard in Resources */ = {isa = PBXBuildFile; fileRef = 91ECF72C1C5D3E2600D3A190 /* LaunchScreen.storyboard */; };
		91ECF7391C5D3E2600D3A190 /* caddieMasterTests.swift in Sources */ = {isa = PBXBuildFile; fileRef = 91ECF7381C5D3E2600D3A190 /* caddieMasterTests.swift */; };
		91ECF7441C5D3E2600D3A190 /* caddieMasterUITests.swift in Sources */ = {isa = PBXBuildFile; fileRef = 91ECF7431C5D3E2600D3A190 /* caddieMasterUITests.swift */; };
/* End PBXBuildFile section */

/* Begin PBXContainerItemProxy section */
		91ECF7351C5D3E2600D3A190 /* PBXContainerItemProxy */ = {
			isa = PBXContainerItemProxy;
			containerPortal = 91ECF7181C5D3E2500D3A190 /* Project object */;
			proxyType = 1;
			remoteGlobalIDString = 91ECF71F1C5D3E2500D3A190;
			remoteInfo = caddieMaster;
		};
		91ECF7401C5D3E2600D3A190 /* PBXContainerItemProxy */ = {
			isa = PBXContainerItemProxy;
			containerPortal = 91ECF7181C5D3E2500D3A190 /* Project object */;
			proxyType = 1;
			remoteGlobalIDString = 91ECF71F1C5D3E2500D3A190;
			remoteInfo = caddieMaster;
		};
/* End PBXContainerItemProxy section */

/* Begin PBXFileReference section */
		91D0C5A51C7A495D002BAF67 /* coursePage.swift */ = {isa = PBXFileReference; fileEncoding = 4; lastKnownFileType = sourcecode.swift; path = coursePage.swift; sourceTree = "<group>"; };
		91EA86AD1C6666B200175D86 /* Podfile */ = {isa = PBXFileReference; fileEncoding = 4; lastKnownFileType = text; path = Podfile; sourceTree = "<group>"; };
		91ECF7201C5D3E2500D3A190 /* caddieMaster.app */ = {isa = PBXFileReference; explicitFileType = wrapper.application; includeInIndex = 0; path = caddieMaster.app; sourceTree = BUILT_PRODUCTS_DIR; };
		91ECF7231C5D3E2600D3A190 /* AppDelegate.swift */ = {isa = PBXFileReference; lastKnownFileType = sourcecode.swift; path = AppDelegate.swift; sourceTree = "<group>"; };
		91ECF7251C5D3E2600D3A190 /* ViewController.swift */ = {isa = PBXFileReference; lastKnownFileType = sourcecode.swift; path = ViewController.swift; sourceTree = "<group>"; };
		91ECF7281C5D3E2600D3A190 /* Base */ = {isa = PBXFileReference; lastKnownFileType = file.storyboard; name = Base; path = Base.lproj/Main.storyboard; sourceTree = "<group>"; };
		91ECF72A1C5D3E2600D3A190 /* Assets.xcassets */ = {isa = PBXFileReference; lastKnownFileType = folder.assetcatalog; path = Assets.xcassets; sourceTree = "<group>"; };
		91ECF72D1C5D3E2600D3A190 /* Base */ = {isa = PBXFileReference; lastKnownFileType = file.storyboard; name = Base; path = Base.lproj/LaunchScreen.storyboard; sourceTree = "<group>"; };
		91ECF72F1C5D3E2600D3A190 /* Info.plist */ = {isa = PBXFileReference; lastKnownFileType = text.plist.xml; path = Info.plist; sourceTree = "<group>"; };
		91ECF7341C5D3E2600D3A190 /* caddieMasterTests.xctest */ = {isa = PBXFileReference; explicitFileType = wrapper.cfbundle; includeInIndex = 0; path = caddieMasterTests.xctest; sourceTree = BUILT_PRODUCTS_DIR; };
		91ECF7381C5D3E2600D3A190 /* caddieMasterTests.swift */ = {isa = PBXFileReference; lastKnownFileType = sourcecode.swift; path = caddieMasterTests.swift; sourceTree = "<group>"; };
		91ECF73A1C5D3E2600D3A190 /* Info.plist */ = {isa = PBXFileReference; lastKnownFileType = text.plist.xml; path = Info.plist; sourceTree = "<group>"; };
		91ECF73F1C5D3E2600D3A190 /* caddieMasterUITests.xctest */ = {isa = PBXFileReference; explicitFileType = wrapper.cfbundle; includeInIndex = 0; path = caddieMasterUITests.xctest; sourceTree = BUILT_PRODUCTS_DIR; };
		91ECF7431C5D3E2600D3A190 /* caddieMasterUITests.swift */ = {isa = PBXFileReference; lastKnownFileType = sourcecode.swift; path = caddieMasterUITests.swift; sourceTree = "<group>"; };
		91ECF7451C5D3E2600D3A190 /* Info.plist */ = {isa = PBXFileReference; lastKnownFileType = text.plist.xml; path = Info.plist; sourceTree = "<group>"; };
/* End PBXFileReference section */

/* Begin PBXFrameworksBuildPhase section */
		91ECF71D1C5D3E2500D3A190 /* Frameworks */ = {
			isa = PBXFrameworksBuildPhase;
			buildActionMask = 2147483647;
			files = (
			);
			runOnlyForDeploymentPostprocessing = 0;
		};
		91ECF7311C5D3E2600D3A190 /* Frameworks */ = {
			isa = PBXFrameworksBuildPhase;
			buildActionMask = 2147483647;
			files = (
			);
			runOnlyForDeploymentPostprocessing = 0;
		};
		91ECF73C1C5D3E2600D3A190 /* Frameworks */ = {
			isa = PBXFrameworksBuildPhase;
			buildActionMask = 2147483647;
			files = (
			);
			runOnlyForDeploymentPostprocessing = 0;
		};
/* End PBXFrameworksBuildPhase section */

/* Begin PBXGroup section */
		91ECF7171C5D3E2500D3A190 = {
			isa = PBXGroup;
			children = (
				91ECF7221C5D3E2600D3A190 /* caddieMaster */,
				91ECF7371C5D3E2600D3A190 /* caddieMasterTests */,
				91ECF7421C5D3E2600D3A190 /* caddieMasterUITests */,
				91ECF7211C5D3E2500D3A190 /* Products */,
			);
			sourceTree = "<group>";
		};
		91ECF7211C5D3E2500D3A190 /* Products */ = {
			isa = PBXGroup;
			children = (
				91ECF7201C5D3E2500D3A190 /* caddieMaster.app */,
				91ECF7341C5D3E2600D3A190 /* caddieMasterTests.xctest */,
				91ECF73F1C5D3E2600D3A190 /* caddieMasterUITests.xctest */,
			);
			name = Products;
			sourceTree = "<group>";
		};
		91ECF7221C5D3E2600D3A190 /* caddieMaster */ = {
			isa = PBXGroup;
			children = (
				91ECF7231C5D3E2600D3A190 /* AppDelegate.swift */,
				91ECF7251C5D3E2600D3A190 /* ViewController.swift */,
				91D0C5A51C7A495D002BAF67 /* coursePage.swift */,
				91ECF7271C5D3E2600D3A190 /* Main.storyboard */,
				91EA86AD1C6666B200175D86 /* Podfile */,
				91ECF72A1C5D3E2600D3A190 /* Assets.xcassets */,
				91ECF72C1C5D3E2600D3A190 /* LaunchScreen.storyboard */,
				91ECF72F1C5D3E2600D3A190 /* Info.plist */,
			);
			path = caddieMaster;
			sourceTree = "<group>";
		};
		91ECF7371C5D3E2600D3A190 /* caddieMasterTests */ = {
			isa = PBXGroup;
			children = (
				91ECF7381C5D3E2600D3A190 /* caddieMasterTests.swift */,
				91ECF73A1C5D3E2600D3A190 /* Info.plist */,
			);
			path = caddieMasterTests;
			sourceTree = "<group>";
		};
		91ECF7421C5D3E2600D3A190 /* caddieMasterUITests */ = {
			isa = PBXGroup;
			children = (
				91ECF7431C5D3E2600D3A190 /* caddieMasterUITests.swift */,
				91ECF7451C5D3E2600D3A190 /* Info.plist */,
			);
			path = caddieMasterUITests;
			sourceTree = "<group>";
		};
/* End PBXGroup section */

/* Begin PBXNativeTarget section */
		91ECF71F1C5D3E2500D3A190 /* caddieMaster */ = {
			isa = PBXNativeTarget;
			buildConfigurationList = 91ECF7481C5D3E2600D3A190 /* Build configuration list for PBXNativeTarget "caddieMaster" */;
			buildPhases = (
				91ECF71C1C5D3E2500D3A190 /* Sources */,
				91ECF71D1C5D3E2500D3A190 /* Frameworks */,
				91ECF71E1C5D3E2500D3A190 /* Resources */,
			);
			buildRules = (
			);
			dependencies = (
			);
			name = caddieMaster;
			productName = caddieMaster;
			productReference = 91ECF7201C5D3E2500D3A190 /* caddieMaster.app */;
			productType = "com.apple.product-type.application";
		};
		91ECF7331C5D3E2600D3A190 /* caddieMasterTests */ = {
			isa = PBXNativeTarget;
			buildConfigurationList = 91ECF74B1C5D3E2600D3A190 /* Build configuration list for PBXNativeTarget "caddieMasterTests" */;
			buildPhases = (
				91ECF7301C5D3E2600D3A190 /* Sources */,
				91ECF7311C5D3E2600D3A190 /* Frameworks */,
				91ECF7321C5D3E2600D3A190 /* Resources */,
			);
			buildRules = (
			);
			dependencies = (
				91ECF7361C5D3E2600D3A190 /* PBXTargetDependency */,
			);
			name = caddieMasterTests;
			productName = caddieMasterTests;
			productReference = 91ECF7341C5D3E2600D3A190 /* caddieMasterTests.xctest */;
			productType = "com.apple.product-type.bundle.unit-test";
		};
		91ECF73E1C5D3E2600D3A190 /* caddieMasterUITests */ = {
			isa = PBXNativeTarget;
			buildConfigurationList = 91ECF74E1C5D3E2600D3A190 /* Build configuration list for PBXNativeTarget "caddieMasterUITests" */;
			buildPhases = (
				91ECF73B1C5D3E2600D3A190 /* Sources */,
				91ECF73C1C5D3E2600D3A190 /* Frameworks */,
				91ECF73D1C5D3E2600D3A190 /* Resources */,
			);
			buildRules = (
			);
			dependencies = (
				91ECF7411C5D3E2600D3A190 /* PBXTargetDependency */,
			);
			name = caddieMasterUITests;
			productName = caddieMasterUITests;
			productReference = 91ECF73F1C5D3E2600D3A190 /* caddieMasterUITests.xctest */;
			productType = "com.apple.product-type.bundle.ui-testing";
		};
/* End PBXNativeTarget section */

/* Begin PBXProject section */
		91ECF7181C5D3E2500D3A190 /* Project object */ = {
			isa = PBXProject;
			attributes = {
				LastSwiftUpdateCheck = 0720;
				LastUpgradeCheck = 0720;
				ORGANIZATIONNAME = "John King";
				TargetAttributes = {
					91ECF71F1C5D3E2500D3A190 = {
						CreatedOnToolsVersion = 7.2;
						DevelopmentTeam = 9R5BHN863K;
					};
					91ECF7331C5D3E2600D3A190 = {
						CreatedOnToolsVersion = 7.2;
						DevelopmentTeam = 9R5BHN863K;
						TestTargetID = 91ECF71F1C5D3E2500D3A190;
					};
					91ECF73E1C5D3E2600D3A190 = {
						CreatedOnToolsVersion = 7.2;
						DevelopmentTeam = 9R5BHN863K;
						TestTargetID = 91ECF71F1C5D3E2500D3A190;
					};
				};
			};
			buildConfigurationList = 91ECF71B1C5D3E2500D3A190 /* Build configuration list for PBXProject "caddieMaster" */;
			compatibilityVersion = "Xcode 3.2";
			developmentRegion = English;
			hasScannedForEncodings = 0;
			knownRegions = (
				en,
				Base,
			);
			mainGroup = 91ECF7171C5D3E2500D3A190;
			productRefGroup = 91ECF7211C5D3E2500D3A190 /* Products */;
			projectDirPath = "";
			projectRoot = "";
			targets = (
				91ECF71F1C5D3E2500D3A190 /* caddieMaster */,
				91ECF7331C5D3E2600D3A190 /* caddieMasterTests */,
				91ECF73E1C5D3E2600D3A190 /* caddieMasterUITests */,
			);
		};
/* End PBXProject section */

/* Begin PBXResourcesBuildPhase section */
		91ECF71E1C5D3E2500D3A190 /* Resources */ = {
			isa = PBXResourcesBuildPhase;
			buildActionMask = 2147483647;
			files = (
				91ECF72E1C5D3E2600D3A190 /* LaunchScreen.storyboard in Resources */,
				91ECF72B1C5D3E2600D3A190 /* Assets.xcassets in Resources */,
				91EA86AE1C6666B200175D86 /* Podfile in Resources */,
				91ECF7291C5D3E2600D3A190 /* Main.storyboard in Resources */,
			);
			runOnlyForDeploymentPostprocessing = 0;
		};
		91ECF7321C5D3E2600D3A190 /* Resources */ = {
			isa = PBXResourcesBuildPhase;
			buildActionMask = 2147483647;
			files = (
			);
			runOnlyForDeploymentPostprocessing = 0;
		};
		91ECF73D1C5D3E2600D3A190 /* Resources */ = {
			isa = PBXResourcesBuildPhase;
			buildActionMask = 2147483647;
			files = (
			);
			runOnlyForDeploymentPostprocessing = 0;
		};
/* End PBXResourcesBuildPhase section */

/* Begin PBXSourcesBuildPhase section */
		91ECF71C1C5D3E2500D3A190 /* Sources */ = {
			isa = PBXSourcesBuildPhase;
			buildActionMask = 2147483647;
			files = (
				91ECF7261C5D3E2600D3A190 /* ViewController.swift in Sources */,
				91ECF7241C5D3E2600D3A190 /* AppDelegate.swift in Sources */,
				91D0C5A61C7A495D002BAF67 /* coursePage.swift in Sources */,
			);
			runOnlyForDeploymentPostprocessing = 0;
		};
		91ECF7301C5D3E2600D3A190 /* Sources */ = {
			isa = PBXSourcesBuildPhase;
			buildActionMask = 2147483647;
			files = (
				91ECF7391C5D3E2600D3A190 /* caddieMasterTests.swift in Sources */,
			);
			runOnlyForDeploymentPostprocessing = 0;
		};
		91ECF73B1C5D3E2600D3A190 /* Sources */ = {
			isa = PBXSourcesBuildPhase;
			buildActionMask = 2147483647;
			files = (
				91ECF7441C5D3E2600D3A190 /* caddieMasterUITests.swift in Sources */,
			);
			runOnlyForDeploymentPostprocessing = 0;
		};
/* End PBXSourcesBuildPhase section */

/* Begin PBXTargetDependency section */
		91ECF7361C5D3E2600D3A190 /* PBXTargetDependency */ = {
			isa = PBXTargetDependency;
			target = 91ECF71F1C5D3E2500D3A190 /* caddieMaster */;
			targetProxy = 91ECF7351C5D3E2600D3A190 /* PBXContainerItemProxy */;
		};
		91ECF7411C5D3E2600D3A190 /* PBXTargetDependency */ = {
			isa = PBXTargetDependency;
			target = 91ECF71F1C5D3E2500D3A190 /* caddieMaster */;
			targetProxy = 91ECF7401C5D3E2600D3A190 /* PBXContainerItemProxy */;
		};
/* End PBXTargetDependency section */

/* Begin PBXVariantGroup section */
		91ECF7271C5D3E2600D3A190 /* Main.storyboard */ = {
			isa = PBXVariantGroup;
			children = (
				91ECF7281C5D3E2600D3A190 /* Base */,
			);
			name = Main.storyboard;
			sourceTree = "<group>";
		};
		91ECF72C1C5D3E2600D3A190 /* LaunchScreen.storyboard */ = {
			isa = PBXVariantGroup;
			children = (
				91ECF72D1C5D3E2600D3A190 /* Base */,
			);
			name = LaunchScreen.storyboard;
			sourceTree = "<group>";
		};
/* End PBXVariantGroup section */

/* Begin XCBuildConfiguration section */
		91ECF7461C5D3E2600D3A190 /* Debug */ = {
			isa = XCBuildConfiguration;
			buildSettings = {
				ALWAYS_SEARCH_USER_PATHS = NO;
				CLANG_CXX_LANGUAGE_STANDARD = "gnu++0x";
				CLANG_CXX_LIBRARY = "libc++";
				CLANG_ENABLE_MODULES = YES;
				CLANG_ENABLE_OBJC_ARC = YES;
				CLANG_WARN_BOOL_CONVERSION = YES;
				CLANG_WARN_CONSTANT_CONVERSION = YES;
				CLANG_WARN_DIRECT_OBJC_ISA_USAGE = YES_ERROR;
				CLANG_WARN_EMPTY_BODY = YES;
				CLANG_WARN_ENUM_CONVERSION = YES;
				CLANG_WARN_INT_CONVERSION = YES;
				CLANG_WARN_OBJC_ROOT_CLASS = YES_ERROR;
				CLANG_WARN_UNREACHABLE_CODE = YES;
				CLANG_WARN__DUPLICATE_METHOD_MATCH = YES;
				"CODE_SIGN_IDENTITY[sdk=iphoneos*]" = "iPhone Developer";
				COPY_PHASE_STRIP = NO;
				DEBUG_INFORMATION_FORMAT = dwarf;
				ENABLE_STRICT_OBJC_MSGSEND = YES;
				ENABLE_TESTABILITY = YES;
				GCC_C_LANGUAGE_STANDARD = gnu99;
				GCC_DYNAMIC_NO_PIC = NO;
				GCC_NO_COMMON_BLOCKS = YES;
				GCC_OPTIMIZATION_LEVEL = 0;
				GCC_PREPROCESSOR_DEFINITIONS = (
					"DEBUG=1",
					"$(inherited)",
				);
				GCC_WARN_64_TO_32_BIT_CONVERSION = YES;
				GCC_WARN_ABOUT_RETURN_TYPE = YES_ERROR;
				GCC_WARN_UNDECLARED_SELECTOR = YES;
				GCC_WARN_UNINITIALIZED_AUTOS = YES_AGGRESSIVE;
				GCC_WARN_UNUSED_FUNCTION = YES;
				GCC_WARN_UNUSED_VARIABLE = YES;
				IPHONEOS_DEPLOYMENT_TARGET = 9.2;
				MTL_ENABLE_DEBUG_INFO = YES;
				ONLY_ACTIVE_ARCH = YES;
				SDKROOT = iphoneos;
				SWIFT_OPTIMIZATION_LEVEL = "-Onone";
				TARGETED_DEVICE_FAMILY = "1,2";
			};
			name = Debug;
		};
		91ECF7471C5D3E2600D3A190 /* Release */ = {
			isa = XCBuildConfiguration;
			buildSettings = {
				ALWAYS_SEARCH_USER_PATHS = NO;
				CLANG_CXX_LANGUAGE_STANDARD = "gnu++0x";
				CLANG_CXX_LIBRARY = "libc++";
				CLANG_ENABLE_MODULES = YES;
				CLANG_ENABLE_OBJC_ARC = YES;
				CLANG_WARN_BOOL_CONVERSION = YES;
				CLANG_WARN_CONSTANT_CONVERSION = YES;
				CLANG_WARN_DIRECT_OBJC_ISA_USAGE = YES_ERROR;
				CLANG_WARN_EMPTY_BODY = YES;
				CLANG_WARN_ENUM_CONVERSION = YES;
				CLANG_WARN_INT_CONVERSION = YES;
				CLANG_WARN_OBJC_ROOT_CLASS = YES_ERROR;
				CLANG_WARN_UNREACHABLE_CODE = YES;
				CLANG_WARN__DUPLICATE_METHOD_MATCH = YES;
				"CODE_SIGN_IDENTITY[sdk=iphoneos*]" = "iPhone Developer";
				COPY_PHASE_STRIP = NO;
				DEBUG_INFORMATION_FORMAT = "dwarf-with-dsym";
				ENABLE_NS_ASSERTIONS = NO;
				ENABLE_STRICT_OBJC_MSGSEND = YES;
				GCC_C_LANGUAGE_STANDARD = gnu99;
				GCC_NO_COMMON_BLOCKS = YES;
				GCC_WARN_64_TO_32_BIT_CONVERSION = YES;
				GCC_WARN_ABOUT_RETURN_TYPE = YES_ERROR;
				GCC_WARN_UNDECLARED_SELECTOR = YES;
				GCC_WARN_UNINITIALIZED_AUTOS = YES_AGGRESSIVE;
				GCC_WARN_UNUSED_FUNCTION = YES;
				GCC_WARN_UNUSED_VARIABLE = YES;
				IPHONEOS_DEPLOYMENT_TARGET = 9.2;
				MTL_ENABLE_DEBUG_INFO = NO;
				SDKROOT = iphoneos;
				TARGETED_DEVICE_FAMILY = "1,2";
				VALIDATE_PRODUCT = YES;
			};
			name = Release;
		};
		91ECF7491C5D3E2600D3A190 /* Debug */ = {
			isa = XCBuildConfiguration;
			buildSettings = {
				ASSETCATALOG_COMPILER_APPICON_NAME = AppIcon;
				INFOPLIST_FILE = caddieMaster/Info.plist;
				LD_RUNPATH_SEARCH_PATHS = "$(inherited) @executable_path/Frameworks";
				PRODUCT_BUNDLE_IDENTIFIER = com.example.caddieMaster;
				PRODUCT_NAME = "$(TARGET_NAME)";
			};
			name = Debug;
		};
		91ECF74A1C5D3E2600D3A190 /* Release */ = {
			isa = XCBuildConfiguration;
			buildSettings = {
				ASSETCATALOG_COMPILER_APPICON_NAME = AppIcon;
				INFOPLIST_FILE = caddieMaster/Info.plist;
				LD_RUNPATH_SEARCH_PATHS = "$(inherited) @executable_path/Frameworks";
				PRODUCT_BUNDLE_IDENTIFIER = com.example.caddieMaster;
				PRODUCT_NAME = "$(TARGET_NAME)";
			};
			name = Release;
		};
		91ECF74C1C5D3E2600D3A190 /* Debug */ = {
			isa = XCBuildConfiguration;
			buildSettings = {
				BUNDLE_LOADER = "$(TEST_HOST)";
				INFOPLIST_FILE = caddieMasterTests/Info.plist;
				LD_RUNPATH_SEARCH_PATHS = "$(inherited) @executable_path/Frameworks @loader_path/Frameworks";
				PRODUCT_BUNDLE_IDENTIFIER = com.example.caddieMasterTests;
				PRODUCT_NAME = "$(TARGET_NAME)";
				TEST_HOST = "$(BUILT_PRODUCTS_DIR)/caddieMaster.app/caddieMaster";
			};
			name = Debug;
		};
		91ECF74D1C5D3E2600D3A190 /* Release */ = {
			isa = XCBuildConfiguration;
			buildSettings = {
				BUNDLE_LOADER = "$(TEST_HOST)";
				INFOPLIST_FILE = caddieMasterTests/Info.plist;
				LD_RUNPATH_SEARCH_PATHS = "$(inherited) @executable_path/Frameworks @loader_path/Frameworks";
				PRODUCT_BUNDLE_IDENTIFIER = com.example.caddieMasterTests;
				PRODUCT_NAME = "$(TARGET_NAME)";
				TEST_HOST = "$(BUILT_PRODUCTS_DIR)/caddieMaster.app/caddieMaster";
			};
			name = Release;
		};
		91ECF74F1C5D3E2600D3A190 /* Debug */ = {
			isa = XCBuildConfiguration;
			buildSettings = {
				INFOPLIST_FILE = caddieMasterUITests/Info.plist;
				LD_RUNPATH_SEARCH_PATHS = "$(inherited) @executable_path/Frameworks @loader_path/Frameworks";
				PRODUCT_BUNDLE_IDENTIFIER = com.example.caddieMasterUITests;
				PRODUCT_NAME = "$(TARGET_NAME)";
				TEST_TARGET_NAME = caddieMaster;
				USES_XCTRUNNER = YES;
			};
			name = Debug;
		};
		91ECF7501C5D3E2600D3A190 /* Release */ = {
			isa = XCBuildConfiguration;
			buildSettings = {
				INFOPLIST_FILE = caddieMasterUITests/Info.plist;
				LD_RUNPATH_SEARCH_PATHS = "$(inherited) @executable_path/Frameworks @loader_path/Frameworks";
				PRODUCT_BUNDLE_IDENTIFIER = com.example.caddieMasterUITests;
				PRODUCT_NAME = "$(TARGET_NAME)";
				TEST_TARGET_NAME = caddieMaster;
				USES_XCTRUNNER = YES;
			};
			name = Release;
		};
/* End XCBuildConfiguration section */

/* Begin XCConfigurationList section */
		91ECF71B1C5D3E2500D3A190 /* Build configuration list for PBXProject "caddieMaster" */ = {
			isa = XCConfigurationList;
			buildConfigurations = (
				91ECF7461C5D3E2600D3A190 /* Debug */,
				91ECF7471C5D3E2600D3A190 /* Release */,
			);
			defaultConfigurationIsVisible = 0;
			defaultConfigurationName = Release;
		};
		91ECF7481C5D3E2600D3A190 /* Build configuration list for PBXNativeTarget "caddieMaster" */ = {
			isa = XCConfigurationList;
			buildConfigurations = (
				91ECF7491C5D3E2600D3A190 /* Debug */,
				91ECF74A1C5D3E2600D3A190 /* Release */,
			);
			defaultConfigurationIsVisible = 0;
			defaultConfigurationName = Release;
		};
		91ECF74B1C5D3E2600D3A190 /* Build configuration list for PBXNativeTarget "caddieMasterTests" */ = {
			isa = XCConfigurationList;
			buildConfigurations = (
				91ECF74C1C5D3E2600D3A190 /* Debug */,
				91ECF74D1C5D3E2600D3A190 /* Release */,
			);
			defaultConfigurationIsVisible = 0;
			defaultConfigurationName = Release;
		};
		91ECF74E1C5D3E2600D3A190 /* Build configuration list for PBXNativeTarget "caddieMasterUITests" */ = {
			isa = XCConfigurationList;
			buildConfigurations = (
				91ECF74F1C5D3E2600D3A190 /* Debug */,
				91ECF7501C5D3E2600D3A190 /* Release */,
			);
			defaultConfigurationIsVisible = 0;
			defaultConfigurationName = Release;
		};
/* End XCConfigurationList section */
	};
	rootObject = 91ECF7181C5D3E2500D3A190 /* Project object */;
}
